
Microsoft Visual Studio Solution File, Format Version 12.00
# Visual Studio Version 17
VisualStudioVersion = 17.7.34221.43
MinimumVisualStudioVersion = 10.0.40219.1
Project("{8BC9CEB8-8B4A-11D0-8D11-00A0C91BC942}") = "Project1", "Project1.vcxproj", "{998BC8FF-EC56-48F3-A19E-86573F5768CA}"
EndProject
Global
	GlobalSection(SolutionConfigurationPlatforms) = preSolution
		Debug|x64 = Debug|x64
		Debug|x86 = Debug|x86
		Release|x64 = Release|x64
		Release|x86 = Release|x86
	EndGlobalSection
	GlobalSection(ProjectConfigurationPlatforms) = postSolution
		{998BC8FF-EC56-48F3-A19E-86573F5768CA}.Debug|x64.ActiveCfg = Debug|x64
		{998BC8FF-EC56-48F3-A19E-86573F5768CA}.Debug|x64.Build.0 = Debug|x64
		{998BC8FF-EC56-48F3-A19E-86573F5768CA}.Debug|x86.ActiveCfg = Debug|Win32
		{998BC8FF-EC56-48F3-A19E-86573F5768CA}.Debug|x86.Build.0 = Debug|Win32
		{998BC8FF-EC56-48F3-A19E-86573F5768CA}.Release|x64.ActiveCfg = Release|x64
		{998BC8FF-EC56-48F3-A19E-86573F5768CA}.Release|x64.Build.0 = Release|x64
		{998BC8FF-EC56-48F3-A19E-86573F5768CA}.Release|x86.ActiveCfg = Release|Win32
		{998BC8FF-EC56-48F3-A19E-86573F5768CA}.Release|x86.Build.0 = Release|Win32
	EndGlobalSection
	GlobalSection(SolutionProperties) = preSolution
		HideSolutionNode = FALSE
	EndGlobalSection
	GlobalSection(ExtensibilityGlobals) = postSolution
		SolutionGuid = {CA116195-7F68-4778-88F6-DDF485AF58D4}
	EndGlobalSection
EndGlobal
